
Microsoft Visual Studio Solution File, Format Version 12.00
# Visual Studio Version 17
VisualStudioVersion = 17.14.36518.9 d17.14
MinimumVisualStudioVersion = 10.0.40219.1
Project("{FAE04EC0-301F-11D3-BF4B-00C04F79EFBC}") = "WPF-projo", "WPF-projo\WPF-projo.csproj", "{D929F8D8-CF30-4497-B53D-084D440F5C0C}"
EndProject
Global
	GlobalSection(SolutionConfigurationPlatforms) = preSolution
		Debug|Any CPU = Debug|Any CPU
		Release|Any CPU = Release|Any CPU
	EndGlobalSection
	GlobalSection(ProjectConfigurationPlatforms) = postSolution
		{D929F8D8-CF30-4497-B53D-084D440F5C0C}.Debug|Any CPU.ActiveCfg = Debug|Any CPU
		{D929F8D8-CF30-4497-B53D-084D440F5C0C}.Debug|Any CPU.Build.0 = Debug|Any CPU
		{D929F8D8-CF30-4497-B53D-084D440F5C0C}.Release|Any CPU.ActiveCfg = Release|Any CPU
		{D929F8D8-CF30-4497-B53D-084D440F5C0C}.Release|Any CPU.Build.0 = Release|Any CPU
	EndGlobalSection
	GlobalSection(SolutionProperties) = preSolution
		HideSolutionNode = FALSE
	EndGlobalSection
	GlobalSection(ExtensibilityGlobals) = postSolution
		SolutionGuid = {5D5C0484-F51C-4D8F-AFA2-ECBC74B23838}
	EndGlobalSection
EndGlobal
